
Microsoft Visual Studio Solution File, Format Version 12.00
# Visual Studio 15
VisualStudioVersion = 15.0.28307.271
MinimumVisualStudioVersion = 10.0.40219.1
Project("{8BC9CEB8-8B4A-11D0-8D11-00A0C91BC942}") = "ImmutableList", "ImmutableList\ImmutableList.vcxproj", "{162CC2C6-98B6-4C32-AA3C-EBD9CC9CEDC0}"
EndProject
Project("{8BC9CEB8-8B4A-11D0-8D11-00A0C91BC942}") = "ImmutableListTests", "ImmutableListTests\ImmutableListTests.vcxproj", "{2A75E90A-2053-4DD2-9A7C-6CFBA31081EA}"
EndProject
Global
	GlobalSection(SolutionConfigurationPlatforms) = preSolution
		Debug|x64 = Debug|x64
		Debug|x86 = Debug|x86
		Release|x64 = Release|x64
		Release|x86 = Release|x86
	EndGlobalSection
	GlobalSection(ProjectConfigurationPlatforms) = postSolution
		{162CC2C6-98B6-4C32-AA3C-EBD9CC9CEDC0}.Debug|x64.ActiveCfg = Debug|x64
		{162CC2C6-98B6-4C32-AA3C-EBD9CC9CEDC0}.Debug|x64.Build.0 = Debug|x64
		{162CC2C6-98B6-4C32-AA3C-EBD9CC9CEDC0}.Debug|x86.ActiveCfg = Debug|Win32
		{162CC2C6-98B6-4C32-AA3C-EBD9CC9CEDC0}.Debug|x86.Build.0 = Debug|Win32
		{162CC2C6-98B6-4C32-AA3C-EBD9CC9CEDC0}.Release|x64.ActiveCfg = Release|x64
		{162CC2C6-98B6-4C32-AA3C-EBD9CC9CEDC0}.Release|x64.Build.0 = Release|x64
		{162CC2C6-98B6-4C32-AA3C-EBD9CC9CEDC0}.Release|x86.ActiveCfg = Release|Win32
		{162CC2C6-98B6-4C32-AA3C-EBD9CC9CEDC0}.Release|x86.Build.0 = Release|Win32
		{2A75E90A-2053-4DD2-9A7C-6CFBA31081EA}.Debug|x64.ActiveCfg = Debug|x64
		{2A75E90A-2053-4DD2-9A7C-6CFBA31081EA}.Debug|x64.Build.0 = Debug|x64
		{2A75E90A-2053-4DD2-9A7C-6CFBA31081EA}.Debug|x86.ActiveCfg = Debug|Win32
		{2A75E90A-2053-4DD2-9A7C-6CFBA31081EA}.Debug|x86.Build.0 = Debug|Win32
		{2A75E90A-2053-4DD2-9A7C-6CFBA31081EA}.Release|x64.ActiveCfg = Release|x64
		{2A75E90A-2053-4DD2-9A7C-6CFBA31081EA}.Release|x64.Build.0 = Release|x64
		{2A75E90A-2053-4DD2-9A7C-6CFBA31081EA}.Release|x86.ActiveCfg = Release|Win32
		{2A75E90A-2053-4DD2-9A7C-6CFBA31081EA}.Release|x86.Build.0 = Release|Win32
	EndGlobalSection
	GlobalSection(SolutionProperties) = preSolution
		HideSolutionNode = FALSE
	EndGlobalSection
	GlobalSection(ExtensibilityGlobals) = postSolution
		SolutionGuid = {BB844306-8CAF-48D6-BF72-59958850D96C}
	EndGlobalSection
EndGlobal
